// !$*UTF8*$!
{
	archiveVersion = 1;
	classes = {
	};
	objectVersion = 50;
	objects = {

/* Begin PBXBuildFile section */
		385D00A922AD3DA000319703 /* AppDelegate.swift in Sources */ = {isa = PBXBuildFile; fileRef = 385D00A822AD3DA000319703 /* AppDelegate.swift */; };
		385D00AB22AD3DA000319703 /* ViewController.swift in Sources */ = {isa = PBXBuildFile; fileRef = 385D00AA22AD3DA000319703 /* ViewController.swift */; };
		385D00AE22AD3DA000319703 /* Main.storyboard in Resources */ = {isa = PBXBuildFile; fileRef = 385D00AC22AD3DA000319703 /* Main.storyboard */; };
		385D00B022AD3DA200319703 /* Assets.xcassets in Resources */ = {isa = PBXBuildFile; fileRef = 385D00AF22AD3DA200319703 /* Assets.xcassets */; };
		385D00B322AD3DA200319703 /* LaunchScreen.storyboard in Resources */ = {isa = PBXBuildFile; fileRef = 385D00B122AD3DA200319703 /* LaunchScreen.storyboard */; };
		385D00BE22AD3DA200319703 /* CodeGenDemoTests.swift in Sources */ = {isa = PBXBuildFile; fileRef = 385D00BD22AD3DA200319703 /* CodeGenDemoTests.swift */; };
/* End PBXBuildFile section */

/* Begin PBXContainerItemProxy section */
		385D00BA22AD3DA200319703 /* PBXContainerItemProxy */ = {
			isa = PBXContainerItemProxy;
			containerPortal = 385D009D22AD3DA000319703 /* Project object */;
			proxyType = 1;
			remoteGlobalIDString = 385D00A422AD3DA000319703;
			remoteInfo = CodeGenDemo;
		};
/* End PBXContainerItemProxy section */

/* Begin PBXFileReference section */
		385D00A522AD3DA000319703 /* CodeGenDemo.app */ = {isa = PBXFileReference; explicitFileType = wrapper.application; includeInIndex = 0; path = CodeGenDemo.app; sourceTree = BUILT_PRODUCTS_DIR; };
		385D00A822AD3DA000319703 /* AppDelegate.swift */ = {isa = PBXFileReference; lastKnownFileType = sourcecode.swift; path = AppDelegate.swift; sourceTree = "<group>"; };
		385D00AA22AD3DA000319703 /* ViewController.swift */ = {isa = PBXFileReference; lastKnownFileType = sourcecode.swift; path = ViewController.swift; sourceTree = "<group>"; };
		385D00AD22AD3DA000319703 /* Base */ = {isa = PBXFileReference; lastKnownFileType = file.storyboard; name = Base; path = Base.lproj/Main.storyboard; sourceTree = "<group>"; };
		385D00AF22AD3DA200319703 /* Assets.xcassets */ = {isa = PBXFileReference; lastKnownFileType = folder.assetcatalog; path = Assets.xcassets; sourceTree = "<group>"; };
		385D00B222AD3DA200319703 /* Base */ = {isa = PBXFileReference; lastKnownFileType = file.storyboard; name = Base; path = Base.lproj/LaunchScreen.storyboard; sourceTree = "<group>"; };
		385D00B422AD3DA200319703 /* Info.plist */ = {isa = PBXFileReference; lastKnownFileType = text.plist.xml; path = Info.plist; sourceTree = "<group>"; };
		385D00B922AD3DA200319703 /* CodeGenDemoTests.xctest */ = {isa = PBXFileReference; explicitFileType = wrapper.cfbundle; includeInIndex = 0; path = CodeGenDemoTests.xctest; sourceTree = BUILT_PRODUCTS_DIR; };
		385D00BD22AD3DA200319703 /* CodeGenDemoTests.swift */ = {isa = PBXFileReference; lastKnownFileType = sourcecode.swift; path = CodeGenDemoTests.swift; sourceTree = "<group>"; };
		385D00BF22AD3DA200319703 /* Info.plist */ = {isa = PBXFileReference; lastKnownFileType = text.plist.xml; path = Info.plist; sourceTree = "<group>"; };
		385D00C822AD3DDF00319703 /* README.md */ = {isa = PBXFileReference; lastKnownFileType = net.daringfireball.markdown; path = README.md; sourceTree = "<group>"; };
/* End PBXFileReference section */

/* Begin PBXFrameworksBuildPhase section */
		385D00A222AD3DA000319703 /* Frameworks */ = {
			isa = PBXFrameworksBuildPhase;
			buildActionMask = 2147483647;
			files = (
			);
			runOnlyForDeploymentPostprocessing = 0;
		};
		385D00B622AD3DA200319703 /* Frameworks */ = {
			isa = PBXFrameworksBuildPhase;
			buildActionMask = 2147483647;
			files = (
			);
			runOnlyForDeploymentPostprocessing = 0;
		};
/* End PBXFrameworksBuildPhase section */

/* Begin PBXGroup section */
		385D009C22AD3DA000319703 = {
			isa = PBXGroup;
			children = (
				385D00C822AD3DDF00319703 /* README.md */,
				385D00A722AD3DA000319703 /* CodeGenDemo */,
				385D00BC22AD3DA200319703 /* CodeGenDemoTests */,
				385D00A622AD3DA000319703 /* Products */,
			);
			sourceTree = "<group>";
		};
		385D00A622AD3DA000319703 /* Products */ = {
			isa = PBXGroup;
			children = (
				385D00A522AD3DA000319703 /* CodeGenDemo.app */,
				385D00B922AD3DA200319703 /* CodeGenDemoTests.xctest */,
			);
			name = Products;
			sourceTree = "<group>";
		};
		385D00A722AD3DA000319703 /* CodeGenDemo */ = {
			isa = PBXGroup;
			children = (
				385D00A822AD3DA000319703 /* AppDelegate.swift */,
				385D00AA22AD3DA000319703 /* ViewController.swift */,
				385D00AC22AD3DA000319703 /* Main.storyboard */,
				385D00AF22AD3DA200319703 /* Assets.xcassets */,
				385D00B122AD3DA200319703 /* LaunchScreen.storyboard */,
				385D00B422AD3DA200319703 /* Info.plist */,
			);
			path = CodeGenDemo;
			sourceTree = "<group>";
		};
		385D00BC22AD3DA200319703 /* CodeGenDemoTests */ = {
			isa = PBXGroup;
			children = (
				385D00BD22AD3DA200319703 /* CodeGenDemoTests.swift */,
				385D00BF22AD3DA200319703 /* Info.plist */,
			);
			path = CodeGenDemoTests;
			sourceTree = "<group>";
		};
/* End PBXGroup section */

/* Begin PBXNativeTarget section */
		385D00A422AD3DA000319703 /* CodeGenDemo */ = {
			isa = PBXNativeTarget;
			buildConfigurationList = 385D00C222AD3DA200319703 /* Build configuration list for PBXNativeTarget "CodeGenDemo" */;
			buildPhases = (
				385D00A122AD3DA000319703 /* Sources */,
				385D00A222AD3DA000319703 /* Frameworks */,
				385D00A322AD3DA000319703 /* Resources */,
			);
			buildRules = (
			);
			dependencies = (
			);
			name = CodeGenDemo;
			productName = CodeGenDemo;
			productReference = 385D00A522AD3DA000319703 /* CodeGenDemo.app */;
			productType = "com.apple.product-type.application";
		};
		385D00B822AD3DA200319703 /* CodeGenDemoTests */ = {
			isa = PBXNativeTarget;
			buildConfigurationList = 385D00C522AD3DA200319703 /* Build configuration list for PBXNativeTarget "CodeGenDemoTests" */;
			buildPhases = (
				385D00B522AD3DA200319703 /* Sources */,
				385D00B622AD3DA200319703 /* Frameworks */,
				385D00B722AD3DA200319703 /* Resources */,
			);
			buildRules = (
			);
			dependencies = (
				385D00BB22AD3DA200319703 /* PBXTargetDependency */,
			);
			name = CodeGenDemoTests;
			productName = CodeGenDemoTests;
			productReference = 385D00B922AD3DA200319703 /* CodeGenDemoTests.xctest */;
			productType = "com.apple.product-type.bundle.unit-test";
		};
/* End PBXNativeTarget section */

/* Begin PBXProject section */
		385D009D22AD3DA000319703 /* Project object */ = {
			isa = PBXProject;
			attributes = {
				LastSwiftUpdateCheck = 1020;
				LastUpgradeCheck = 1020;
				ORGANIZATIONNAME = "Olivier Halligon";
				TargetAttributes = {
					385D00A422AD3DA000319703 = {
						CreatedOnToolsVersion = 10.2.1;
					};
					385D00B822AD3DA200319703 = {
						CreatedOnToolsVersion = 10.2.1;
					};
				};
			};
			buildConfigurationList = 385D00A022AD3DA000319703 /* Build configuration list for PBXProject "CodeGenDemo" */;
			compatibilityVersion = "Xcode 9.3";
			developmentRegion = en;
			hasScannedForEncodings = 0;
			knownRegions = (
				en,
				Base,
			);
			mainGroup = 385D009C22AD3DA000319703;
			productRefGroup = 385D00A622AD3DA000319703 /* Products */;
			projectDirPath = "";
			projectRoot = "";
			targets = (
				385D00A422AD3DA000319703 /* CodeGenDemo */,
				385D00B822AD3DA200319703 /* CodeGenDemoTests */,
			);
		};
/* End PBXProject section */

/* Begin PBXResourcesBuildPhase section */
		385D00A322AD3DA000319703 /* Resources */ = {
			isa = PBXResourcesBuildPhase;
			buildActionMask = 2147483647;
			files = (
				385D00B322AD3DA200319703 /* LaunchScreen.storyboard in Resources */,
				385D00B022AD3DA200319703 /* Assets.xcassets in Resources */,
				385D00AE22AD3DA000319703 /* Main.storyboard in Resources */,
			);
			runOnlyForDeploymentPostprocessing = 0;
		};
		385D00B722AD3DA200319703 /* Resources */ = {
			isa = PBXResourcesBuildPhase;
			buildActionMask = 2147483647;
			files = (
			);
			runOnlyForDeploymentPostprocessing = 0;
		};
/* End PBXResourcesBuildPhase section */

/* Begin PBXSourcesBuildPhase section */
		385D00A122AD3DA000319703 /* Sources */ = {
			isa = PBXSourcesBuildPhase;
			buildActionMask = 2147483647;
			files = (
				385D00AB22AD3DA000319703 /* ViewController.swift in Sources */,
				385D00A922AD3DA000319703 /* AppDelegate.swift in Sources */,
			);
			runOnlyForDeploymentPostprocessing = 0;
		};
		385D00B522AD3DA200319703 /* Sources */ = {
			isa = PBXSourcesBuildPhase;
			buildActionMask = 2147483647;
			files = (
				385D00BE22AD3DA200319703 /* CodeGenDemoTests.swift in Sources */,
			);
			runOnlyForDeploymentPostprocessing = 0;
		};
/* End PBXSourcesBuildPhase section */

/* Begin PBXTargetDependency section */
		385D00BB22AD3DA200319703 /* PBXTargetDependency */ = {
			isa = PBXTargetDependency;
			target = 385D00A422AD3DA000319703 /* CodeGenDemo */;
			targetProxy = 385D00BA22AD3DA200319703 /* PBXContainerItemProxy */;
		};
/* End PBXTargetDependency section */

/* Begin PBXVariantGroup section */
		385D00AC22AD3DA000319703 /* Main.storyboard */ = {
			isa = PBXVariantGroup;
			children = (
				385D00AD22AD3DA000319703 /* Base */,
			);
			name = Main.storyboard;
			sourceTree = "<group>";
		};
		385D00B122AD3DA200319703 /* LaunchScreen.storyboard */ = {
			isa = PBXVariantGroup;
			children = (
				385D00B222AD3DA200319703 /* Base */,
			);
			name = LaunchScreen.storyboard;
			sourceTree = "<group>";
		};
/* End PBXVariantGroup section */

/* Begin XCBuildConfiguration section */
		385D00C022AD3DA200319703 /* Debug */ = {
			isa = XCBuildConfiguration;
			buildSettings = {
				ALWAYS_SEARCH_USER_PATHS = NO;
				CLANG_ANALYZER_NONNULL = YES;
				CLANG_ANALYZER_NUMBER_OBJECT_CONVERSION = YES_AGGRESSIVE;
				CLANG_CXX_LANGUAGE_STANDARD = "gnu++14";
				CLANG_CXX_LIBRARY = "libc++";
				CLANG_ENABLE_MODULES = YES;
				CLANG_ENABLE_OBJC_ARC = YES;
				CLANG_ENABLE_OBJC_WEAK = YES;
				CLANG_WARN_BLOCK_CAPTURE_AUTORELEASING = YES;
				CLANG_WARN_BOOL_CONVERSION = YES;
				CLANG_WARN_COMMA = YES;
				CLANG_WARN_CONSTANT_CONVERSION = YES;
				CLANG_WARN_DEPRECATED_OBJC_IMPLEMENTATIONS = YES;
				CLANG_WARN_DIRECT_OBJC_ISA_USAGE = YES_ERROR;
				CLANG_WARN_DOCUMENTATION_COMMENTS = YES;
				CLANG_WARN_EMPTY_BODY = YES;
				CLANG_WARN_ENUM_CONVERSION = YES;
				CLANG_WARN_INFINITE_RECURSION = YES;
				CLANG_WARN_INT_CONVERSION = YES;
				CLANG_WARN_NON_LITERAL_NULL_CONVERSION = YES;
				CLANG_WARN_OBJC_IMPLICIT_RETAIN_SELF = YES;
				CLANG_WARN_OBJC_LITERAL_CONVERSION = YES;
				CLANG_WARN_OBJC_ROOT_CLASS = YES_ERROR;
				CLANG_WARN_RANGE_LOOP_ANALYSIS = YES;
				CLANG_WARN_STRICT_PROTOTYPES = YES;
				CLANG_WARN_SUSPICIOUS_MOVE = YES;
				CLANG_WARN_UNGUARDED_AVAILABILITY = YES_AGGRESSIVE;
				CLANG_WARN_UNREACHABLE_CODE = YES;
				CLANG_WARN__DUPLICATE_METHOD_MATCH = YES;
				CODE_SIGN_IDENTITY = "iPhone Developer";
				COPY_PHASE_STRIP = NO;
				DEBUG_INFORMATION_FORMAT = dwarf;
				ENABLE_STRICT_OBJC_MSGSEND = YES;
				ENABLE_TESTABILITY = YES;
				GCC_C_LANGUAGE_STANDARD = gnu11;
				GCC_DYNAMIC_NO_PIC = NO;
				GCC_NO_COMMON_BLOCKS = YES;
				GCC_OPTIMIZATION_LEVEL = 0;
				GCC_PREPROCESSOR_DEFINITIONS = (
					"DEBUG=1",
					"$(inherited)",
				);
				GCC_WARN_64_TO_32_BIT_CONVERSION = YES;
				GCC_WARN_ABOUT_RETURN_TYPE = YES_ERROR;
				GCC_WARN_UNDECLARED_SELECTOR = YES;
				GCC_WARN_UNINITIALIZED_AUTOS = YES_AGGRESSIVE;
				GCC_WARN_UNUSED_FUNCTION = YES;
				GCC_WARN_UNUSED_VARIABLE = YES;
				IPHONEOS_DEPLOYMENT_TARGET = 12.2;
				MTL_ENABLE_DEBUG_INFO = INCLUDE_SOURCE;
				MTL_FAST_MATH = YES;
				ONLY_ACTIVE_ARCH = YES;
				SDKROOT = iphoneos;
				SWIFT_ACTIVE_COMPILATION_CONDITIONS = DEBUG;
				SWIFT_OPTIMIZATION_LEVEL = "-Onone";
			};
			name = Debug;
		};
		385D00C122AD3DA200319703 /* Release */ = {
			isa = XCBuildConfiguration;
			buildSettings = {
				ALWAYS_SEARCH_USER_PATHS = NO;
				CLANG_ANALYZER_NONNULL = YES;
				CLANG_ANALYZER_NUMBER_OBJECT_CONVERSION = YES_AGGRESSIVE;
				CLANG_CXX_LANGUAGE_STANDARD = "gnu++14";
				CLANG_CXX_LIBRARY = "libc++";
				CLANG_ENABLE_MODULES = YES;
				CLANG_ENABLE_OBJC_ARC = YES;
				CLANG_ENABLE_OBJC_WEAK = YES;
				CLANG_WARN_BLOCK_CAPTURE_AUTORELEASING = YES;
				CLANG_WARN_BOOL_CONVERSION = YES;
				CLANG_WARN_COMMA = YES;
				CLANG_WARN_CONSTANT_CONVERSION = YES;
				CLANG_WARN_DEPRECATED_OBJC_IMPLEMENTATIONS = YES;
				CLANG_WARN_DIRECT_OBJC_ISA_USAGE = YES_ERROR;
				CLANG_WARN_DOCUMENTATION_COMMENTS = YES;
				CLANG_WARN_EMPTY_BODY = YES;
				CLANG_WARN_ENUM_CONVERSION = YES;
				CLANG_WARN_INFINITE_RECURSION = YES;
				CLANG_WARN_INT_CONVERSION = YES;
				CLANG_WARN_NON_LITERAL_NULL_CONVERSION = YES;
				CLANG_WARN_OBJC_IMPLICIT_RETAIN_SELF = YES;
				CLANG_WARN_OBJC_LITERAL_CONVERSION = YES;
				CLANG_WARN_OBJC_ROOT_CLASS = YES_ERROR;
				CLANG_WARN_RANGE_LOOP_ANALYSIS = YES;
				CLANG_WARN_STRICT_PROTOTYPES = YES;
				CLANG_WARN_SUSPICIOUS_MOVE = YES;
				CLANG_WARN_UNGUARDED_AVAILABILITY = YES_AGGRESSIVE;
				CLANG_WARN_UNREACHABLE_CODE = YES;
				CLANG_WARN__DUPLICATE_METHOD_MATCH = YES;
				CODE_SIGN_IDENTITY = "iPhone Developer";
				COPY_PHASE_STRIP = NO;
				DEBUG_INFORMATION_FORMAT = "dwarf-with-dsym";
				ENABLE_NS_ASSERTIONS = NO;
				ENABLE_STRICT_OBJC_MSGSEND = YES;
				GCC_C_LANGUAGE_STANDARD = gnu11;
				GCC_NO_COMMON_BLOCKS = YES;
				GCC_WARN_64_TO_32_BIT_CONVERSION = YES;
				GCC_WARN_ABOUT_RETURN_TYPE = YES_ERROR;
				GCC_WARN_UNDECLARED_SELECTOR = YES;
				GCC_WARN_UNINITIALIZED_AUTOS = YES_AGGRESSIVE;
				GCC_WARN_UNUSED_FUNCTION = YES;
				GCC_WARN_UNUSED_VARIABLE = YES;
				IPHONEOS_DEPLOYMENT_TARGET = 12.2;
				MTL_ENABLE_DEBUG_INFO = NO;
				MTL_FAST_MATH = YES;
				SDKROOT = iphoneos;
				SWIFT_COMPILATION_MODE = wholemodule;
				SWIFT_OPTIMIZATION_LEVEL = "-O";
				VALIDATE_PRODUCT = YES;
			};
			name = Release;
		};
		385D00C322AD3DA200319703 /* Debug */ = {
			isa = XCBuildConfiguration;
			buildSettings = {
				ASSETCATALOG_COMPILER_APPICON_NAME = AppIcon;
				CODE_SIGN_STYLE = Manual;
				DEVELOPMENT_TEAM = "";
				INFOPLIST_FILE = CodeGenDemo/Info.plist;
				LD_RUNPATH_SEARCH_PATHS = (
					"$(inherited)",
					"@executable_path/Frameworks",
				);
				PRODUCT_BUNDLE_IDENTIFIER = com.alisoftware.CodeGenDemo;
				PRODUCT_NAME = "$(TARGET_NAME)";
				PROVISIONING_PROFILE_SPECIFIER = "";
				SWIFT_VERSION = 5.0;
				TARGETED_DEVICE_FAMILY = "1,2";
			};
			name = Debug;
		};
		385D00C422AD3DA200319703 /* Release */ = {
			isa = XCBuildConfiguration;
			buildSettings = {
				ASSETCATALOG_COMPILER_APPICON_NAME = AppIcon;
				CODE_SIGN_STYLE = Manual;
				DEVELOPMENT_TEAM = "";
				INFOPLIST_FILE = CodeGenDemo/Info.plist;
				LD_RUNPATH_SEARCH_PATHS = (
					"$(inherited)",
					"@executable_path/Frameworks",
				);
				PRODUCT_BUNDLE_IDENTIFIER = com.alisoftware.CodeGenDemo;
				PRODUCT_NAME = "$(TARGET_NAME)";
				PROVISIONING_PROFILE_SPECIFIER = "";
				SWIFT_VERSION = 5.0;
				TARGETED_DEVICE_FAMILY = "1,2";
			};
			name = Release;
		};
		385D00C622AD3DA200319703 /* Debug */ = {
			isa = XCBuildConfiguration;
			buildSettings = {
				ALWAYS_EMBED_SWIFT_STANDARD_LIBRARIES = YES;
				CODE_SIGN_STYLE = Manual;
				DEVELOPMENT_TEAM = "";
				INFOPLIST_FILE = CodeGenDemoTests/Info.plist;
				LD_RUNPATH_SEARCH_PATHS = (
					"$(inherited)",
					"@executable_path/Frameworks",
					"@loader_path/Frameworks",
				);
				PRODUCT_BUNDLE_IDENTIFIER = com.alisoftware.CodeGenDemoTests;
				PRODUCT_NAME = "$(TARGET_NAME)";
				PROVISIONING_PROFILE_SPECIFIER = "";
				SWIFT_VERSION = 5.0;
				TARGETED_DEVICE_FAMILY = "1,2";
			};
			name = Debug;
		};
		385D00C722AD3DA200319703 /* Release */ = {
			isa = XCBuildConfiguration;
			buildSettings = {
				ALWAYS_EMBED_SWIFT_STANDARD_LIBRARIES = YES;
				CODE_SIGN_STYLE = Manual;
				DEVELOPMENT_TEAM = "";
				INFOPLIST_FILE = CodeGenDemoTests/Info.plist;
				LD_RUNPATH_SEARCH_PATHS = (
					"$(inherited)",
					"@executable_path/Frameworks",
					"@loader_path/Frameworks",
				);
				PRODUCT_BUNDLE_IDENTIFIER = com.alisoftware.CodeGenDemoTests;
				PRODUCT_NAME = "$(TARGET_NAME)";
				PROVISIONING_PROFILE_SPECIFIER = "";
				SWIFT_VERSION = 5.0;
				TARGETED_DEVICE_FAMILY = "1,2";
			};
			name = Release;
		};
/* End XCBuildConfiguration section */

/* Begin XCConfigurationList section */
		385D00A022AD3DA000319703 /* Build configuration list for PBXProject "CodeGenDemo" */ = {
			isa = XCConfigurationList;
			buildConfigurations = (
				385D00C022AD3DA200319703 /* Debug */,
				385D00C122AD3DA200319703 /* Release */,
			);
			defaultConfigurationIsVisible = 0;
			defaultConfigurationName = Release;
		};
		385D00C222AD3DA200319703 /* Build configuration list for PBXNativeTarget "CodeGenDemo" */ = {
			isa = XCConfigurationList;
			buildConfigurations = (
				385D00C322AD3DA200319703 /* Debug */,
				385D00C422AD3DA200319703 /* Release */,
			);
			defaultConfigurationIsVisible = 0;
			defaultConfigurationName = Release;
		};
		385D00C522AD3DA200319703 /* Build configuration list for PBXNativeTarget "CodeGenDemoTests" */ = {
			isa = XCConfigurationList;
			buildConfigurations = (
				385D00C622AD3DA200319703 /* Debug */,
				385D00C722AD3DA200319703 /* Release */,
			);
			defaultConfigurationIsVisible = 0;
			defaultConfigurationName = Release;
		};
/* End XCConfigurationList section */
	};
	rootObject = 385D009D22AD3DA000319703 /* Project object */;
}
